
Microsoft Visual Studio Solution File, Format Version 12.00
# Visual Studio Version 16
VisualStudioVersion = 16.0.29418.71
MinimumVisualStudioVersion = 10.0.40219.1
Project("{FAE04EC0-301F-11D3-BF4B-00C04F79EFBC}") = "Domain", "Domain\Domain.csproj", "{04743619-B121-47A9-821B-0E496ECF716C}"
EndProject
Project("{FAE04EC0-301F-11D3-BF4B-00C04F79EFBC}") = "Service", "Service\Service.csproj", "{6CB1D6FC-049C-4DF5-BD57-9BEE28479F60}"
EndProject
Project("{FAE04EC0-301F-11D3-BF4B-00C04F79EFBC}") = "Utility", "Utility\Utility.csproj", "{4BC997E1-EE71-4E20-BACC-9F8C0F899D96}"
EndProject
Project("{FAE04EC0-301F-11D3-BF4B-00C04F79EFBC}") = "WinformsUI", "WinformsUI\WinformsUI.csproj", "{1D2AFA9D-A83C-46B4-8C4C-EF1C30B9338C}"
EndProject
Global
	GlobalSection(SolutionConfigurationPlatforms) = preSolution
		Debug|Any CPU = Debug|Any CPU
		Release|Any CPU = Release|Any CPU
	EndGlobalSection
	GlobalSection(ProjectConfigurationPlatforms) = postSolution
		{04743619-B121-47A9-821B-0E496ECF716C}.Debug|Any CPU.ActiveCfg = Debug|Any CPU
		{04743619-B121-47A9-821B-0E496ECF716C}.Debug|Any CPU.Build.0 = Debug|Any CPU
		{04743619-B121-47A9-821B-0E496ECF716C}.Release|Any CPU.ActiveCfg = Release|Any CPU
		{04743619-B121-47A9-821B-0E496ECF716C}.Release|Any CPU.Build.0 = Release|Any CPU
		{6CB1D6FC-049C-4DF5-BD57-9BEE28479F60}.Debug|Any CPU.ActiveCfg = Debug|Any CPU
		{6CB1D6FC-049C-4DF5-BD57-9BEE28479F60}.Debug|Any CPU.Build.0 = Debug|Any CPU
		{6CB1D6FC-049C-4DF5-BD57-9BEE28479F60}.Release|Any CPU.ActiveCfg = Release|Any CPU
		{6CB1D6FC-049C-4DF5-BD57-9BEE28479F60}.Release|Any CPU.Build.0 = Release|Any CPU
		{4BC997E1-EE71-4E20-BACC-9F8C0F899D96}.Debug|Any CPU.ActiveCfg = Debug|Any CPU
		{4BC997E1-EE71-4E20-BACC-9F8C0F899D96}.Debug|Any CPU.Build.0 = Debug|Any CPU
		{4BC997E1-EE71-4E20-BACC-9F8C0F899D96}.Release|Any CPU.ActiveCfg = Release|Any CPU
		{4BC997E1-EE71-4E20-BACC-9F8C0F899D96}.Release|Any CPU.Build.0 = Release|Any CPU
		{1D2AFA9D-A83C-46B4-8C4C-EF1C30B9338C}.Debug|Any CPU.ActiveCfg = Debug|Any CPU
		{1D2AFA9D-A83C-46B4-8C4C-EF1C30B9338C}.Debug|Any CPU.Build.0 = Debug|Any CPU
		{1D2AFA9D-A83C-46B4-8C4C-EF1C30B9338C}.Release|Any CPU.ActiveCfg = Release|Any CPU
		{1D2AFA9D-A83C-46B4-8C4C-EF1C30B9338C}.Release|Any CPU.Build.0 = Release|Any CPU
	EndGlobalSection
	GlobalSection(SolutionProperties) = preSolution
		HideSolutionNode = FALSE
	EndGlobalSection
	GlobalSection(ExtensibilityGlobals) = postSolution
		SolutionGuid = {D8B1F317-66CC-4B42-A30A-C693E37FED52}
	EndGlobalSection
EndGlobal
